// !$*UTF8*$!
{
	archiveVersion = 1;
	classes = {
	};
	objectVersion = 46;
	objects = {

/* Begin PBXBuildFile section */
		E9FE94201E14695100A1D01A /* AppDelegate.swift in Sources */ = {isa = PBXBuildFile; fileRef = E9FE941F1E14695100A1D01A /* AppDelegate.swift */; };
		E9FE94251E14695100A1D01A /* Main.storyboard in Resources */ = {isa = PBXBuildFile; fileRef = E9FE94231E14695100A1D01A /* Main.storyboard */; };
		E9FE94271E14695100A1D01A /* Assets.xcassets in Resources */ = {isa = PBXBuildFile; fileRef = E9FE94261E14695100A1D01A /* Assets.xcassets */; };
		E9FE942A1E14695100A1D01A /* LaunchScreen.storyboard in Resources */ = {isa = PBXBuildFile; fileRef = E9FE94281E14695100A1D01A /* LaunchScreen.storyboard */; };
		E9FE94321E14696D00A1D01A /* GoogleService-Info.plist in Resources */ = {isa = PBXBuildFile; fileRef = E9FE94311E14696D00A1D01A /* GoogleService-Info.plist */; };
		E9FE94341E146A5700A1D01A /* App.swift in Sources */ = {isa = PBXBuildFile; fileRef = E9FE94331E146A5700A1D01A /* App.swift */; };
		E9FE94361E146A8D00A1D01A /* DB.swift in Sources */ = {isa = PBXBuildFile; fileRef = E9FE94351E146A8D00A1D01A /* DB.swift */; };
		E9FE94381E146ADE00A1D01A /* Login.storyboard in Resources */ = {isa = PBXBuildFile; fileRef = E9FE94371E146ADE00A1D01A /* Login.storyboard */; };
		E9FE943A1E146B2200A1D01A /* LoginViewController.swift in Sources */ = {isa = PBXBuildFile; fileRef = E9FE94391E146B2200A1D01A /* LoginViewController.swift */; };
		E9FE943C1E146B9B00A1D01A /* RegisterViewController.swift in Sources */ = {isa = PBXBuildFile; fileRef = E9FE943B1E146B9B00A1D01A /* RegisterViewController.swift */; };
		E9FE94411E146BDE00A1D01A /* MainViewController.swift in Sources */ = {isa = PBXBuildFile; fileRef = E9FE94401E146BDE00A1D01A /* MainViewController.swift */; };
		E9FE94431E146DC900A1D01A /* GBUser.swift in Sources */ = {isa = PBXBuildFile; fileRef = E9FE94421E146DC900A1D01A /* GBUser.swift */; };
		E9FE94451E146E4B00A1D01A /* GBBeer.swift in Sources */ = {isa = PBXBuildFile; fileRef = E9FE94441E146E4B00A1D01A /* GBBeer.swift */; };
		FA4FBED1F46128C8AA3D4FC7 /* Pods_GatteBeer.framework in Frameworks */ = {isa = PBXBuildFile; fileRef = 9F84334A7D8A226A2A0A8C62 /* Pods_GatteBeer.framework */; };
/* End PBXBuildFile section */

/* Begin PBXFileReference section */
		23EEA4770B5F31ABA1BFC1E2 /* Pods-GatteBeer.release.xcconfig */ = {isa = PBXFileReference; includeInIndex = 1; lastKnownFileType = text.xcconfig; name = "Pods-GatteBeer.release.xcconfig"; path = "Pods/Target Support Files/Pods-GatteBeer/Pods-GatteBeer.release.xcconfig"; sourceTree = "<group>"; };
		2863C2F1735F7F3FE9A9CEB3 /* Pods-GatteBeer.debug.xcconfig */ = {isa = PBXFileReference; includeInIndex = 1; lastKnownFileType = text.xcconfig; name = "Pods-GatteBeer.debug.xcconfig"; path = "Pods/Target Support Files/Pods-GatteBeer/Pods-GatteBeer.debug.xcconfig"; sourceTree = "<group>"; };
		9F84334A7D8A226A2A0A8C62 /* Pods_GatteBeer.framework */ = {isa = PBXFileReference; explicitFileType = wrapper.framework; includeInIndex = 0; path = Pods_GatteBeer.framework; sourceTree = BUILT_PRODUCTS_DIR; };
		E9FE941C1E14695100A1D01A /* GatteBeer.app */ = {isa = PBXFileReference; explicitFileType = wrapper.application; includeInIndex = 0; path = GatteBeer.app; sourceTree = BUILT_PRODUCTS_DIR; };
		E9FE941F1E14695100A1D01A /* AppDelegate.swift */ = {isa = PBXFileReference; lastKnownFileType = sourcecode.swift; path = AppDelegate.swift; sourceTree = "<group>"; };
		E9FE94241E14695100A1D01A /* Base */ = {isa = PBXFileReference; lastKnownFileType = file.storyboard; name = Base; path = Base.lproj/Main.storyboard; sourceTree = "<group>"; };
		E9FE94261E14695100A1D01A /* Assets.xcassets */ = {isa = PBXFileReference; lastKnownFileType = folder.assetcatalog; path = Assets.xcassets; sourceTree = "<group>"; };
		E9FE94291E14695100A1D01A /* Base */ = {isa = PBXFileReference; lastKnownFileType = file.storyboard; name = Base; path = Base.lproj/LaunchScreen.storyboard; sourceTree = "<group>"; };
		E9FE942B1E14695100A1D01A /* Info.plist */ = {isa = PBXFileReference; lastKnownFileType = text.plist.xml; path = Info.plist; sourceTree = "<group>"; };
		E9FE94311E14696D00A1D01A /* GoogleService-Info.plist */ = {isa = PBXFileReference; fileEncoding = 4; lastKnownFileType = text.plist.xml; path = "GoogleService-Info.plist"; sourceTree = "<group>"; };
		E9FE94331E146A5700A1D01A /* App.swift */ = {isa = PBXFileReference; fileEncoding = 4; lastKnownFileType = sourcecode.swift; path = App.swift; sourceTree = "<group>"; };
		E9FE94351E146A8D00A1D01A /* DB.swift */ = {isa = PBXFileReference; fileEncoding = 4; lastKnownFileType = sourcecode.swift; path = DB.swift; sourceTree = "<group>"; };
		E9FE94371E146ADE00A1D01A /* Login.storyboard */ = {isa = PBXFileReference; fileEncoding = 4; lastKnownFileType = file.storyboard; name = Login.storyboard; path = GatteBeer/Login.storyboard; sourceTree = "<group>"; };
		E9FE94391E146B2200A1D01A /* LoginViewController.swift */ = {isa = PBXFileReference; fileEncoding = 4; lastKnownFileType = sourcecode.swift; name = LoginViewController.swift; path = GatteBeer/LoginViewController.swift; sourceTree = "<group>"; };
		E9FE943B1E146B9B00A1D01A /* RegisterViewController.swift */ = {isa = PBXFileReference; fileEncoding = 4; lastKnownFileType = sourcecode.swift; name = RegisterViewController.swift; path = GatteBeer/RegisterViewController.swift; sourceTree = "<group>"; };
		E9FE94401E146BDE00A1D01A /* MainViewController.swift */ = {isa = PBXFileReference; fileEncoding = 4; lastKnownFileType = sourcecode.swift; path = MainViewController.swift; sourceTree = "<group>"; };
		E9FE94421E146DC900A1D01A /* GBUser.swift */ = {isa = PBXFileReference; fileEncoding = 4; lastKnownFileType = sourcecode.swift; path = GBUser.swift; sourceTree = "<group>"; };
		E9FE94441E146E4B00A1D01A /* GBBeer.swift */ = {isa = PBXFileReference; fileEncoding = 4; lastKnownFileType = sourcecode.swift; path = GBBeer.swift; sourceTree = "<group>"; };
/* End PBXFileReference section */

/* Begin PBXFrameworksBuildPhase section */
		E9FE94191E14695100A1D01A /* Frameworks */ = {
			isa = PBXFrameworksBuildPhase;
			buildActionMask = 2147483647;
			files = (
				FA4FBED1F46128C8AA3D4FC7 /* Pods_GatteBeer.framework in Frameworks */,
			);
			runOnlyForDeploymentPostprocessing = 0;
		};
/* End PBXFrameworksBuildPhase section */

/* Begin PBXGroup section */
		4C71572C5031B7F9216EECD4 /* Pods */ = {
			isa = PBXGroup;
			children = (
				2863C2F1735F7F3FE9A9CEB3 /* Pods-GatteBeer.debug.xcconfig */,
				23EEA4770B5F31ABA1BFC1E2 /* Pods-GatteBeer.release.xcconfig */,
			);
			name = Pods;
			sourceTree = "<group>";
		};
		8DF9E08890425C834750A65C /* Frameworks */ = {
			isa = PBXGroup;
			children = (
				9F84334A7D8A226A2A0A8C62 /* Pods_GatteBeer.framework */,
			);
			name = Frameworks;
			sourceTree = "<group>";
		};
		E9FE94131E14695100A1D01A = {
			isa = PBXGroup;
			children = (
				E9FE943F1E146BC500A1D01A /* Storyboards */,
				E9FE943E1E146BB300A1D01A /* Models */,
				E9FE943D1E146BA700A1D01A /* Controllers */,
				E9FE941E1E14695100A1D01A /* GatteBeer */,
				E9FE941D1E14695100A1D01A /* Products */,
				4C71572C5031B7F9216EECD4 /* Pods */,
				8DF9E08890425C834750A65C /* Frameworks */,
			);
			sourceTree = "<group>";
		};
		E9FE941D1E14695100A1D01A /* Products */ = {
			isa = PBXGroup;
			children = (
				E9FE941C1E14695100A1D01A /* GatteBeer.app */,
			);
			name = Products;
			sourceTree = "<group>";
		};
		E9FE941E1E14695100A1D01A /* GatteBeer */ = {
			isa = PBXGroup;
			children = (
				E9FE94331E146A5700A1D01A /* App.swift */,
				E9FE94351E146A8D00A1D01A /* DB.swift */,
				E9FE941F1E14695100A1D01A /* AppDelegate.swift */,
				E9FE94261E14695100A1D01A /* Assets.xcassets */,
				E9FE94281E14695100A1D01A /* LaunchScreen.storyboard */,
				E9FE942B1E14695100A1D01A /* Info.plist */,
				E9FE94311E14696D00A1D01A /* GoogleService-Info.plist */,
			);
			path = GatteBeer;
			sourceTree = "<group>";
		};
		E9FE943D1E146BA700A1D01A /* Controllers */ = {
			isa = PBXGroup;
			children = (
				E9FE94391E146B2200A1D01A /* LoginViewController.swift */,
				E9FE943B1E146B9B00A1D01A /* RegisterViewController.swift */,
				E9FE94401E146BDE00A1D01A /* MainViewController.swift */,
			);
			name = Controllers;
			sourceTree = "<group>";
		};
		E9FE943E1E146BB300A1D01A /* Models */ = {
			isa = PBXGroup;
			children = (
				E9FE94421E146DC900A1D01A /* GBUser.swift */,
				E9FE94441E146E4B00A1D01A /* GBBeer.swift */,
			);
			name = Models;
			sourceTree = "<group>";
		};
		E9FE943F1E146BC500A1D01A /* Storyboards */ = {
			isa = PBXGroup;
			children = (
				E9FE94231E14695100A1D01A /* Main.storyboard */,
				E9FE94371E146ADE00A1D01A /* Login.storyboard */,
			);
			name = Storyboards;
			sourceTree = "<group>";
		};
/* End PBXGroup section */

/* Begin PBXNativeTarget section */
		E9FE941B1E14695100A1D01A /* GatteBeer */ = {
			isa = PBXNativeTarget;
			buildConfigurationList = E9FE942E1E14695100A1D01A /* Build configuration list for PBXNativeTarget "GatteBeer" */;
			buildPhases = (
				9ABACF616930B3280B1A5D2A /* [CP] Check Pods Manifest.lock */,
				E9FE94181E14695100A1D01A /* Sources */,
				E9FE94191E14695100A1D01A /* Frameworks */,
				E9FE941A1E14695100A1D01A /* Resources */,
				CFF601C00536F837EAF6F08D /* [CP] Embed Pods Frameworks */,
				02DCAA9471F98985472A8CA5 /* [CP] Copy Pods Resources */,
			);
			buildRules = (
			);
			dependencies = (
			);
			name = GatteBeer;
			productName = GatteBeer;
			productReference = E9FE941C1E14695100A1D01A /* GatteBeer.app */;
			productType = "com.apple.product-type.application";
		};
/* End PBXNativeTarget section */

/* Begin PBXProject section */
		E9FE94141E14695100A1D01A /* Project object */ = {
			isa = PBXProject;
			attributes = {
				LastSwiftUpdateCheck = 0820;
				LastUpgradeCheck = 0820;
				ORGANIZATIONNAME = colbyg;
				TargetAttributes = {
					E9FE941B1E14695100A1D01A = {
						CreatedOnToolsVersion = 8.2.1;
						DevelopmentTeam = 6BTW725B4B;
						ProvisioningStyle = Automatic;
					};
				};
			};
			buildConfigurationList = E9FE94171E14695100A1D01A /* Build configuration list for PBXProject "GatteBeer" */;
			compatibilityVersion = "Xcode 3.2";
			developmentRegion = English;
			hasScannedForEncodings = 0;
			knownRegions = (
				en,
				Base,
			);
			mainGroup = E9FE94131E14695100A1D01A;
			productRefGroup = E9FE941D1E14695100A1D01A /* Products */;
			projectDirPath = "";
			projectRoot = "";
			targets = (
				E9FE941B1E14695100A1D01A /* GatteBeer */,
			);
		};
/* End PBXProject section */

/* Begin PBXResourcesBuildPhase section */
		E9FE941A1E14695100A1D01A /* Resources */ = {
			isa = PBXResourcesBuildPhase;
			buildActionMask = 2147483647;
			files = (
				E9FE94321E14696D00A1D01A /* GoogleService-Info.plist in Resources */,
				E9FE942A1E14695100A1D01A /* LaunchScreen.storyboard in Resources */,
				E9FE94271E14695100A1D01A /* Assets.xcassets in Resources */,
				E9FE94381E146ADE00A1D01A /* Login.storyboard in Resources */,
				E9FE94251E14695100A1D01A /* Main.storyboard in Resources */,
			);
			runOnlyForDeploymentPostprocessing = 0;
		};
/* End PBXResourcesBuildPhase section */

/* Begin PBXShellScriptBuildPhase section */
		02DCAA9471F98985472A8CA5 /* [CP] Copy Pods Resources */ = {
			isa = PBXShellScriptBuildPhase;
			buildActionMask = 2147483647;
			files = (
			);
			inputPaths = (
			);
			name = "[CP] Copy Pods Resources";
			outputPaths = (
			);
			runOnlyForDeploymentPostprocessing = 0;
			shellPath = /bin/sh;
			shellScript = "\"${SRCROOT}/Pods/Target Support Files/Pods-GatteBeer/Pods-GatteBeer-resources.sh\"\n";
			showEnvVarsInLog = 0;
		};
		9ABACF616930B3280B1A5D2A /* [CP] Check Pods Manifest.lock */ = {
			isa = PBXShellScriptBuildPhase;
			buildActionMask = 2147483647;
			files = (
			);
			inputPaths = (
			);
			name = "[CP] Check Pods Manifest.lock";
			outputPaths = (
			);
			runOnlyForDeploymentPostprocessing = 0;
			shellPath = /bin/sh;
			shellScript = "diff \"${PODS_ROOT}/../Podfile.lock\" \"${PODS_ROOT}/Manifest.lock\" > /dev/null\nif [ $? != 0 ] ; then\n    # print error to STDERR\n    echo \"error: The sandbox is not in sync with the Podfile.lock. Run 'pod install' or update your CocoaPods installation.\" >&2\n    exit 1\nfi\n";
			showEnvVarsInLog = 0;
		};
		CFF601C00536F837EAF6F08D /* [CP] Embed Pods Frameworks */ = {
			isa = PBXShellScriptBuildPhase;
			buildActionMask = 2147483647;
			files = (
			);
			inputPaths = (
			);
			name = "[CP] Embed Pods Frameworks";
			outputPaths = (
			);
			runOnlyForDeploymentPostprocessing = 0;
			shellPath = /bin/sh;
			shellScript = "\"${SRCROOT}/Pods/Target Support Files/Pods-GatteBeer/Pods-GatteBeer-frameworks.sh\"\n";
			showEnvVarsInLog = 0;
		};
/* End PBXShellScriptBuildPhase section */

/* Begin PBXSourcesBuildPhase section */
		E9FE94181E14695100A1D01A /* Sources */ = {
			isa = PBXSourcesBuildPhase;
			buildActionMask = 2147483647;
			files = (
				E9FE94341E146A5700A1D01A /* App.swift in Sources */,
				E9FE94361E146A8D00A1D01A /* DB.swift in Sources */,
				E9FE943C1E146B9B00A1D01A /* RegisterViewController.swift in Sources */,
				E9FE94411E146BDE00A1D01A /* MainViewController.swift in Sources */,
				E9FE943A1E146B2200A1D01A /* LoginViewController.swift in Sources */,
				E9FE94201E14695100A1D01A /* AppDelegate.swift in Sources */,
				E9FE94451E146E4B00A1D01A /* GBBeer.swift in Sources */,
				E9FE94431E146DC900A1D01A /* GBUser.swift in Sources */,
			);
			runOnlyForDeploymentPostprocessing = 0;
		};
/* End PBXSourcesBuildPhase section */

/* Begin PBXVariantGroup section */
		E9FE94231E14695100A1D01A /* Main.storyboard */ = {
			isa = PBXVariantGroup;
			children = (
				E9FE94241E14695100A1D01A /* Base */,
			);
			name = Main.storyboard;
			path = GatteBeer;
			sourceTree = "<group>";
		};
		E9FE94281E14695100A1D01A /* LaunchScreen.storyboard */ = {
			isa = PBXVariantGroup;
			children = (
				E9FE94291E14695100A1D01A /* Base */,
			);
			name = LaunchScreen.storyboard;
			sourceTree = "<group>";
		};
/* End PBXVariantGroup section */

/* Begin XCBuildConfiguration section */
		E9FE942C1E14695100A1D01A /* Debug */ = {
			isa = XCBuildConfiguration;
			buildSettings = {
				ALWAYS_SEARCH_USER_PATHS = NO;
				CLANG_ANALYZER_NONNULL = YES;
				CLANG_CXX_LANGUAGE_STANDARD = "gnu++0x";
				CLANG_CXX_LIBRARY = "libc++";
				CLANG_ENABLE_MODULES = YES;
				CLANG_ENABLE_OBJC_ARC = YES;
				CLANG_WARN_BOOL_CONVERSION = YES;
				CLANG_WARN_CONSTANT_CONVERSION = YES;
				CLANG_WARN_DIRECT_OBJC_ISA_USAGE = YES_ERROR;
				CLANG_WARN_DOCUMENTATION_COMMENTS = YES;
				CLANG_WARN_EMPTY_BODY = YES;
				CLANG_WARN_ENUM_CONVERSION = YES;
				CLANG_WARN_INFINITE_RECURSION = YES;
				CLANG_WARN_INT_CONVERSION = YES;
				CLANG_WARN_OBJC_ROOT_CLASS = YES_ERROR;
				CLANG_WARN_SUSPICIOUS_MOVE = YES;
				CLANG_WARN_UNREACHABLE_CODE = YES;
				CLANG_WARN__DUPLICATE_METHOD_MATCH = YES;
				"CODE_SIGN_IDENTITY[sdk=iphoneos*]" = "iPhone Developer";
				COPY_PHASE_STRIP = NO;
				DEBUG_INFORMATION_FORMAT = dwarf;
				ENABLE_STRICT_OBJC_MSGSEND = YES;
				ENABLE_TESTABILITY = YES;
				GCC_C_LANGUAGE_STANDARD = gnu99;
				GCC_DYNAMIC_NO_PIC = NO;
				GCC_NO_COMMON_BLOCKS = YES;
				GCC_OPTIMIZATION_LEVEL = 0;
				GCC_PREPROCESSOR_DEFINITIONS = (
					"DEBUG=1",
					"$(inherited)",
				);
				GCC_WARN_64_TO_32_BIT_CONVERSION = YES;
				GCC_WARN_ABOUT_RETURN_TYPE = YES_ERROR;
				GCC_WARN_UNDECLARED_SELECTOR = YES;
				GCC_WARN_UNINITIALIZED_AUTOS = YES_AGGRESSIVE;
				GCC_WARN_UNUSED_FUNCTION = YES;
				GCC_WARN_UNUSED_VARIABLE = YES;
				IPHONEOS_DEPLOYMENT_TARGET = 10.2;
				MTL_ENABLE_DEBUG_INFO = YES;
				ONLY_ACTIVE_ARCH = YES;
				SDKROOT = iphoneos;
				SWIFT_ACTIVE_COMPILATION_CONDITIONS = DEBUG;
				SWIFT_OPTIMIZATION_LEVEL = "-Onone";
				TARGETED_DEVICE_FAMILY = "1,2";
			};
			name = Debug;
		};
		E9FE942D1E14695100A1D01A /* Release */ = {
			isa = XCBuildConfiguration;
			buildSettings = {
				ALWAYS_SEARCH_USER_PATHS = NO;
				CLANG_ANALYZER_NONNULL = YES;
				CLANG_CXX_LANGUAGE_STANDARD = "gnu++0x";
				CLANG_CXX_LIBRARY = "libc++";
				CLANG_ENABLE_MODULES = YES;
				CLANG_ENABLE_OBJC_ARC = YES;
				CLANG_WARN_BOOL_CONVERSION = YES;
				CLANG_WARN_CONSTANT_CONVERSION = YES;
				CLANG_WARN_DIRECT_OBJC_ISA_USAGE = YES_ERROR;
				CLANG_WARN_DOCUMENTATION_COMMENTS = YES;
				CLANG_WARN_EMPTY_BODY = YES;
				CLANG_WARN_ENUM_CONVERSION = YES;
				CLANG_WARN_INFINITE_RECURSION = YES;
				CLANG_WARN_INT_CONVERSION = YES;
				CLANG_WARN_OBJC_ROOT_CLASS = YES_ERROR;
				CLANG_WARN_SUSPICIOUS_MOVE = YES;
				CLANG_WARN_UNREACHABLE_CODE = YES;
				CLANG_WARN__DUPLICATE_METHOD_MATCH = YES;
				"CODE_SIGN_IDENTITY[sdk=iphoneos*]" = "iPhone Developer";
				COPY_PHASE_STRIP = NO;
				DEBUG_INFORMATION_FORMAT = "dwarf-with-dsym";
				ENABLE_NS_ASSERTIONS = NO;
				ENABLE_STRICT_OBJC_MSGSEND = YES;
				GCC_C_LANGUAGE_STANDARD = gnu99;
				GCC_NO_COMMON_BLOCKS = YES;
				GCC_WARN_64_TO_32_BIT_CONVERSION = YES;
				GCC_WARN_ABOUT_RETURN_TYPE = YES_ERROR;
				GCC_WARN_UNDECLARED_SELECTOR = YES;
				GCC_WARN_UNINITIALIZED_AUTOS = YES_AGGRESSIVE;
				GCC_WARN_UNUSED_FUNCTION = YES;
				GCC_WARN_UNUSED_VARIABLE = YES;
				IPHONEOS_DEPLOYMENT_TARGET = 10.2;
				MTL_ENABLE_DEBUG_INFO = NO;
				SDKROOT = iphoneos;
				SWIFT_OPTIMIZATION_LEVEL = "-Owholemodule";
				TARGETED_DEVICE_FAMILY = "1,2";
				VALIDATE_PRODUCT = YES;
			};
			name = Release;
		};
		E9FE942F1E14695100A1D01A /* Debug */ = {
			isa = XCBuildConfiguration;
			baseConfigurationReference = 2863C2F1735F7F3FE9A9CEB3 /* Pods-GatteBeer.debug.xcconfig */;
			buildSettings = {
				ASSETCATALOG_COMPILER_APPICON_NAME = AppIcon;
				DEVELOPMENT_TEAM = 6BTW725B4B;
				INFOPLIST_FILE = GatteBeer/Info.plist;
				LD_RUNPATH_SEARCH_PATHS = "$(inherited) @executable_path/Frameworks";
				PRODUCT_BUNDLE_IDENTIFIER = com.colbyg.GatteBeer;
				PRODUCT_NAME = "$(TARGET_NAME)";
				SWIFT_VERSION = 3.0;
			};
			name = Debug;
		};
		E9FE94301E14695100A1D01A /* Release */ = {
			isa = XCBuildConfiguration;
			baseConfigurationReference = 23EEA4770B5F31ABA1BFC1E2 /* Pods-GatteBeer.release.xcconfig */;
			buildSettings = {
				ASSETCATALOG_COMPILER_APPICON_NAME = AppIcon;
				DEVELOPMENT_TEAM = 6BTW725B4B;
				INFOPLIST_FILE = GatteBeer/Info.plist;
				LD_RUNPATH_SEARCH_PATHS = "$(inherited) @executable_path/Frameworks";
				PRODUCT_BUNDLE_IDENTIFIER = com.colbyg.GatteBeer;
				PRODUCT_NAME = "$(TARGET_NAME)";
				SWIFT_VERSION = 3.0;
			};
			name = Release;
		};
/* End XCBuildConfiguration section */

/* Begin XCConfigurationList section */
		E9FE94171E14695100A1D01A /* Build configuration list for PBXProject "GatteBeer" */ = {
			isa = XCConfigurationList;
			buildConfigurations = (
				E9FE942C1E14695100A1D01A /* Debug */,
				E9FE942D1E14695100A1D01A /* Release */,
			);
			defaultConfigurationIsVisible = 0;
			defaultConfigurationName = Release;
		};
		E9FE942E1E14695100A1D01A /* Build configuration list for PBXNativeTarget "GatteBeer" */ = {
			isa = XCConfigurationList;
			buildConfigurations = (
				E9FE942F1E14695100A1D01A /* Debug */,
				E9FE94301E14695100A1D01A /* Release */,
			);
			defaultConfigurationIsVisible = 0;
			defaultConfigurationName = Release;
		};
/* End XCConfigurationList section */
	};
	rootObject = E9FE94141E14695100A1D01A /* Project object */;
}
